github.com/jomei/notionapi v1.10.0 h1:I5SNVL69tkMT4Y4MxUfJ5yOA5dltPK3WhaA49t4806Q=
github.com/jomei/notionapi v1.10.0/go.mod h1:wgxFlmxL+oIfxclWkt8jta0PkcBepajish2uCxzBxTo=
github.com/line/line-bot-sdk-go/v7 v7.18.0 h1:ogrOioYKnCuyDlbNAuFb7hGdv1KGkluKWUcZx/Uocds=
github.com/line/line-bot-sdk-go/v7 v7.18.0/go.mod h1:2CXH5xBgADszymGNRRUiUqBQ/0G6r2nx3BviBYtnB3U=
github.com/pkg/errors v0.9.1 h1:FEBLx1zS214owpjy7qsBeixbURkuhQAwrK5UwLGTwt4=
github.com/pkg/errors v0.9.1/go.mod h1:bwawxfHBFNV+L2hUp1rHADufV3IMtnDRdf1r5NINEl0=
